{
  "version": 4,
  "terraform_version": "0.14.7",
  "serial": 3,
  "lineage": "d3bf883a-8cd5-c008-2924-9b794879bbe0",
  "outputs": {},
  "resources": [
    {
      "mode": "managed",
      "type": "google_compute_network",
      "name": "vpc_network",
      "provider": "provider[\"registry.terraform.io/hashicorp/google\"]",
      "instances": [
        {
          "schema_version": 0,
          "attributes": {
            "auto_create_subnetworks": true,
            "delete_default_routes_on_create": false,
            "description": "",
            "gateway_ipv4": "",
            "id": "projects/marine-lodge-304913/global/networks/terraform-network1",
            "ipv4_range": null,
            "name": "terraform-network1",
            "project": "marine-lodge-304913",
            "routing_mode": "REGIONAL",
            "self_link": "https://www.googleapis.com/compute/v1/projects/marine-lodge-304913/global/networks/terraform-network1",
            "timeouts": null
          },
          "sensitive_attributes": [],
          "private": "**************************************************"
        }
      ]
    }
  ]
}
